Microsoft Visual Studio Solution File, Format Version 12.00
# Visual Studio Version 17
VisualStudioVersion = 17.5.2.0
MinimumVisualStudioVersion = 10.0.40219.1
Project("{FAE04EC0-301F-11D3-BF4B-00C04F79EFBC}") = "MicroServicioMarketing.Backend", "MicroServicioMarketing.Backend.csproj", "{CDADA8AB-25C2-D3E1-1566-90C242D35590}"
EndProject
Global
	GlobalSection(SolutionConfigurationPlatforms) = preSolution
		Debug|Any CPU = Debug|Any CPU
		Release|Any CPU = Release|Any CPU
	EndGlobalSection
	GlobalSection(ProjectConfigurationPlatforms) = postSolution
		{CDADA8AB-25C2-D3E1-1566-90C242D35590}.Debug|Any CPU.ActiveCfg = Debug|Any CPU
		{CDADA8AB-25C2-D3E1-1566-90C242D35590}.Debug|Any CPU.Build.0 = Debug|Any CPU
		{CDADA8AB-25C2-D3E1-1566-90C242D35590}.Release|Any CPU.ActiveCfg = Release|Any CPU
		{CDADA8AB-25C2-D3E1-1566-90C242D35590}.Release|Any CPU.Build.0 = Release|Any CPU
	EndGlobalSection
	GlobalSection(SolutionProperties) = preSolution
		HideSolutionNode = FALSE
	EndGlobalSection
	GlobalSection(ExtensibilityGlobals) = postSolution
		SolutionGuid = {6216C359-C9A6-45B9-985B-1C1B57362084}
	EndGlobalSection
EndGlobal
